
Microsoft Visual Studio Solution File, Format Version 12.00
# Visual Studio 15
VisualStudioVersion = 15.0.26124.0
MinimumVisualStudioVersion = 15.0.26124.0
Project("{2150E333-8FDC-42A3-9474-1A3956D46DE8}") = "src", "src", "{C1B45E0F-48EC-48B9-AA52-286831126F0A}"
EndProject
Project("{FAE04EC0-301F-11D3-BF4B-00C04F79EFBC}") = "OneDriveCore", "src\OneDriveCore\OneDriveCore.csproj", "{F30FBA24-8FC4-43F5-B1D5-EA2FADD9C27D}"
EndProject
Global
	GlobalSection(SolutionConfigurationPlatforms) = preSolution
		Debug|Any CPU = Debug|Any CPU
		Debug|x64 = Debug|x64
		Debug|x86 = Debug|x86
		Release|Any CPU = Release|Any CPU
		Release|x64 = Release|x64
		Release|x86 = Release|x86
	EndGlobalSection
	GlobalSection(SolutionProperties) = preSolution
		HideSolutionNode = FALSE
	EndGlobalSection
	GlobalSection(ProjectConfigurationPlatforms) = postSolution
		{F30FBA24-8FC4-43F5-B1D5-EA2FADD9C27D}.Debug|Any CPU.ActiveCfg = Debug|Any CPU
		{F30FBA24-8FC4-43F5-B1D5-EA2FADD9C27D}.Debug|Any CPU.Build.0 = Debug|Any CPU
		{F30FBA24-8FC4-43F5-B1D5-EA2FADD9C27D}.Debug|x64.ActiveCfg = Debug|x64
		{F30FBA24-8FC4-43F5-B1D5-EA2FADD9C27D}.Debug|x64.Build.0 = Debug|x64
		{F30FBA24-8FC4-43F5-B1D5-EA2FADD9C27D}.Debug|x86.ActiveCfg = Debug|x86
		{F30FBA24-8FC4-43F5-B1D5-EA2FADD9C27D}.Debug|x86.Build.0 = Debug|x86
		{F30FBA24-8FC4-43F5-B1D5-EA2FADD9C27D}.Release|Any CPU.ActiveCfg = Release|Any CPU
		{F30FBA24-8FC4-43F5-B1D5-EA2FADD9C27D}.Release|Any CPU.Build.0 = Release|Any CPU
		{F30FBA24-8FC4-43F5-B1D5-EA2FADD9C27D}.Release|x64.ActiveCfg = Release|x64
		{F30FBA24-8FC4-43F5-B1D5-EA2FADD9C27D}.Release|x64.Build.0 = Release|x64
		{F30FBA24-8FC4-43F5-B1D5-EA2FADD9C27D}.Release|x86.ActiveCfg = Release|x86
		{F30FBA24-8FC4-43F5-B1D5-EA2FADD9C27D}.Release|x86.Build.0 = Release|x86
	EndGlobalSection
	GlobalSection(NestedProjects) = preSolution
		{F30FBA24-8FC4-43F5-B1D5-EA2FADD9C27D} = {C1B45E0F-48EC-48B9-AA52-286831126F0A}
	EndGlobalSection
EndGlobal
